
Microsoft Visual Studio Solution File, Format Version 12.00
# Visual Studio Version 17
VisualStudioVersion = 17.12.35728.132 d17.12
MinimumVisualStudioVersion = 10.0.40219.1
Project("{FAE04EC0-301F-11D3-BF4B-00C04F79EFBC}") = "InvestorCommitmentsAPI", "InvestorCommitmentsAPI\InvestorCommitmentsAPI.csproj", "{CA75723B-FA55-44B5-B151-0FAF20227A6B}"
EndProject
Global
	GlobalSection(SolutionConfigurationPlatforms) = preSolution
		Debug|Any CPU = Debug|Any CPU
		Release|Any CPU = Release|Any CPU
	EndGlobalSection
	GlobalSection(ProjectConfigurationPlatforms) = postSolution
		{CA75723B-FA55-44B5-B151-0FAF20227A6B}.Debug|Any CPU.ActiveCfg = Debug|Any CPU
		{CA75723B-FA55-44B5-B151-0FAF20227A6B}.Debug|Any CPU.Build.0 = Debug|Any CPU
		{CA75723B-FA55-44B5-B151-0FAF20227A6B}.Release|Any CPU.ActiveCfg = Release|Any CPU
		{CA75723B-FA55-44B5-B151-0FAF20227A6B}.Release|Any CPU.Build.0 = Release|Any CPU
	EndGlobalSection
	GlobalSection(SolutionProperties) = preSolution
		HideSolutionNode = FALSE
	EndGlobalSection
EndGlobal
